
Microsoft Visual Studio Solution File, Format Version 10.00
# Visual C++ Express 2008
Project("{8BC9CEB8-8B4A-11D0-8D11-00A0C91BC942}") = "condor2nav", "condor2nav.vcproj", "{05D74FBE-E04D-4423-B486-D42AF3A3C223}"
EndProject
Global
	GlobalSection(SolutionConfigurationPlatforms) = preSolution
		Debug|Win32 = Debug|Win32
		Release|Win32 = Release|Win32
	EndGlobalSection
	GlobalSection(ProjectConfigurationPlatforms) = postSolution
		{05D74FBE-E04D-4423-B486-D42AF3A3C223}.Debug|Win32.ActiveCfg = Debug|Win32
		{05D74FBE-E04D-4423-B486-D42AF3A3C223}.Debug|Win32.Build.0 = Debug|Win32
		{05D74FBE-E04D-4423-B486-D42AF3A3C223}.Release|Win32.ActiveCfg = Release|Win32
		{05D74FBE-E04D-4423-B486-D42AF3A3C223}.Release|Win32.Build.0 = Release|Win32
	EndGlobalSection
	GlobalSection(SolutionProperties) = preSolution
		HideSolutionNode = FALSE
	EndGlobalSection
EndGlobal
